
Microsoft Visual Studio Solution File, Format Version 12.00
# Visual Studio Version 17
VisualStudioVersion = 17.10.35027.167
MinimumVisualStudioVersion = 10.0.40219.1
Project("{FAE04EC0-301F-11D3-BF4B-00C04F79EFBC}") = "secondtask", "secondtask.csproj", "{88FC6CA2-3E75-4F87-8718-CA41C4A45DA6}"
EndProject
Global
	GlobalSection(SolutionConfigurationPlatforms) = preSolution
		Debug|Any CPU = Debug|Any CPU
		Release|Any CPU = Release|Any CPU
	EndGlobalSection
	GlobalSection(ProjectConfigurationPlatforms) = postSolution
		{88FC6CA2-3E75-4F87-8718-CA41C4A45DA6}.Debug|Any CPU.ActiveCfg = Debug|Any CPU
		{88FC6CA2-3E75-4F87-8718-CA41C4A45DA6}.Debug|Any CPU.Build.0 = Debug|Any CPU
		{88FC6CA2-3E75-4F87-8718-CA41C4A45DA6}.Release|Any CPU.ActiveCfg = Release|Any CPU
		{88FC6CA2-3E75-4F87-8718-CA41C4A45DA6}.Release|Any CPU.Build.0 = Release|Any CPU
	EndGlobalSection
	GlobalSection(SolutionProperties) = preSolution
		HideSolutionNode = FALSE
	EndGlobalSection
	GlobalSection(ExtensibilityGlobals) = postSolution
		SolutionGuid = {960EB7C5-D705-4587-A118-B1A770C7BB03}
	EndGlobalSection
EndGlobal
